
Microsoft Visual Studio Solution File, Format Version 12.00
# Visual Studio 15
VisualStudioVersion = 15.0.28307.106
MinimumVisualStudioVersion = 10.0.40219.1
Project("{FAE04EC0-301F-11D3-BF4B-00C04F79EFBC}") = "FibAndQuick", "FibAndQuick\FibAndQuick.csproj", "{95148C88-18B1-4DF8-BE1C-F16DEBF7BFEB}"
EndProject
Global
	GlobalSection(SolutionConfigurationPlatforms) = preSolution
		Debug|Any CPU = Debug|Any CPU
		Release|Any CPU = Release|Any CPU
	EndGlobalSection
	GlobalSection(ProjectConfigurationPlatforms) = postSolution
		{95148C88-18B1-4DF8-BE1C-F16DEBF7BFEB}.Debug|Any CPU.ActiveCfg = Debug|Any CPU
		{95148C88-18B1-4DF8-BE1C-F16DEBF7BFEB}.Debug|Any CPU.Build.0 = Debug|Any CPU
		{95148C88-18B1-4DF8-BE1C-F16DEBF7BFEB}.Release|Any CPU.ActiveCfg = Release|Any CPU
		{95148C88-18B1-4DF8-BE1C-F16DEBF7BFEB}.Release|Any CPU.Build.0 = Release|Any CPU
	EndGlobalSection
	GlobalSection(SolutionProperties) = preSolution
		HideSolutionNode = FALSE
	EndGlobalSection
	GlobalSection(ExtensibilityGlobals) = postSolution
		SolutionGuid = {C9B3701B-5486-4920-AEB2-554FE13F16B2}
	EndGlobalSection
EndGlobal
