
Microsoft Visual Studio Solution File, Format Version 12.00
# Visual Studio Version 16
VisualStudioVersion = 16.0.30717.126
MinimumVisualStudioVersion = 10.0.40219.1
Project("{FAE04EC0-301F-11D3-BF4B-00C04F79EFBC}") = "VoiceAssistant", "VoiceAssistant\VoiceAssistant.csproj", "{C059D6AB-329B-4815-BF7E-D5F830C135C9}"
EndProject
Global
	GlobalSection(SolutionConfigurationPlatforms) = preSolution
		Debug|Any CPU = Debug|Any CPU
		Release|Any CPU = Release|Any CPU
	EndGlobalSection
	GlobalSection(ProjectConfigurationPlatforms) = postSolution
		{C059D6AB-329B-4815-BF7E-D5F830C135C9}.Debug|Any CPU.ActiveCfg = Debug|Any CPU
		{C059D6AB-329B-4815-BF7E-D5F830C135C9}.Debug|Any CPU.Build.0 = Debug|Any CPU
		{C059D6AB-329B-4815-BF7E-D5F830C135C9}.Release|Any CPU.ActiveCfg = Release|Any CPU
		{C059D6AB-329B-4815-BF7E-D5F830C135C9}.Release|Any CPU.Build.0 = Release|Any CPU
	EndGlobalSection
	GlobalSection(SolutionProperties) = preSolution
		HideSolutionNode = FALSE
	EndGlobalSection
	GlobalSection(ExtensibilityGlobals) = postSolution
		SolutionGuid = {61D50115-5813-4178-807B-CD1F9928ECCD}
	EndGlobalSection
EndGlobal
