
Microsoft Visual Studio Solution File, Format Version 12.00
# Visual Studio Version 16
VisualStudioVersion = 16.0.30225.117
MinimumVisualStudioVersion = 10.0.40219.1
Project("{FAE04EC0-301F-11D3-BF4B-00C04F79EFBC}") = "ElasticSearch", "ElasticSearch\ElasticSearch.csproj", "{60D2BDE9-982A-4603-AE14-562EAF1E533A}"
EndProject
Global
	GlobalSection(SolutionConfigurationPlatforms) = preSolution
		Debug|Any CPU = Debug|Any CPU
		Release|Any CPU = Release|Any CPU
	EndGlobalSection
	GlobalSection(ProjectConfigurationPlatforms) = postSolution
		{60D2BDE9-982A-4603-AE14-562EAF1E533A}.Debug|Any CPU.ActiveCfg = Debug|Any CPU
		{60D2BDE9-982A-4603-AE14-562EAF1E533A}.Debug|Any CPU.Build.0 = Debug|Any CPU
		{60D2BDE9-982A-4603-AE14-562EAF1E533A}.Release|Any CPU.ActiveCfg = Release|Any CPU
		{60D2BDE9-982A-4603-AE14-562EAF1E533A}.Release|Any CPU.Build.0 = Release|Any CPU
	EndGlobalSection
	GlobalSection(SolutionProperties) = preSolution
		HideSolutionNode = FALSE
	EndGlobalSection
	GlobalSection(ExtensibilityGlobals) = postSolution
		SolutionGuid = {E48DBA56-BC3D-4C0E-9EC3-CFE3AB03D474}
	EndGlobalSection
EndGlobal
